
Microsoft Visual Studio Solution File, Format Version 12.00
# Visual Studio Version 16
VisualStudioVersion = 16.0.28917.182
MinimumVisualStudioVersion = 15.0.26124.0
Project("{9A19103F-16F7-4668-BE54-9A1E7A4F7556}") = "App_19k.Api", "App_19k.Api\App_19k.Api.csproj", "{4D8D529F-5DB3-4009-8FA1-68E8595035B0}"
EndProject
Project("{9A19103F-16F7-4668-BE54-9A1E7A4F7556}") = "App_19k.Repository", "App_19k.Repository\App_19k.Repository.csproj", "{986C27E3-57D0-441E-9A81-18F4B69D4F8D}"
EndProject
Project("{9A19103F-16F7-4668-BE54-9A1E7A4F7556}") = "App_19k.Domain", "App_19k.Domain\App_19k.Domain.csproj", "{71B2BDFC-D30A-4FE7-91F5-1E213BDD87DF}"
EndProject
Project("{9A19103F-16F7-4668-BE54-9A1E7A4F7556}") = "App_19k.Service", "App_19k.Service\App_19k.Service.csproj", "{E2675CDF-DBB9-4870-B2E9-892FE0D9F1EF}"
EndProject
Global
	GlobalSection(SolutionConfigurationPlatforms) = preSolution
		Debug|Any CPU = Debug|Any CPU
		Debug|x64 = Debug|x64
		Debug|x86 = Debug|x86
		Release|Any CPU = Release|Any CPU
		Release|x64 = Release|x64
		Release|x86 = Release|x86
	EndGlobalSection
	GlobalSection(ProjectConfigurationPlatforms) = postSolution
		{4D8D529F-5DB3-4009-8FA1-68E8595035B0}.Debug|Any CPU.ActiveCfg = Debug|Any CPU
		{4D8D529F-5DB3-4009-8FA1-68E8595035B0}.Debug|Any CPU.Build.0 = Debug|Any CPU
		{4D8D529F-5DB3-4009-8FA1-68E8595035B0}.Debug|x64.ActiveCfg = Debug|Any CPU
		{4D8D529F-5DB3-4009-8FA1-68E8595035B0}.Debug|x64.Build.0 = Debug|Any CPU
		{4D8D529F-5DB3-4009-8FA1-68E8595035B0}.Debug|x86.ActiveCfg = Debug|Any CPU
		{4D8D529F-5DB3-4009-8FA1-68E8595035B0}.Debug|x86.Build.0 = Debug|Any CPU
		{4D8D529F-5DB3-4009-8FA1-68E8595035B0}.Release|Any CPU.ActiveCfg = Release|Any CPU
		{4D8D529F-5DB3-4009-8FA1-68E8595035B0}.Release|Any CPU.Build.0 = Release|Any CPU
		{4D8D529F-5DB3-4009-8FA1-68E8595035B0}.Release|x64.ActiveCfg = Release|Any CPU
		{4D8D529F-5DB3-4009-8FA1-68E8595035B0}.Release|x64.Build.0 = Release|Any CPU
		{4D8D529F-5DB3-4009-8FA1-68E8595035B0}.Release|x86.ActiveCfg = Release|Any CPU
		{4D8D529F-5DB3-4009-8FA1-68E8595035B0}.Release|x86.Build.0 = Release|Any CPU
		{986C27E3-57D0-441E-9A81-18F4B69D4F8D}.Debug|Any CPU.ActiveCfg = Debug|Any CPU
		{986C27E3-57D0-441E-9A81-18F4B69D4F8D}.Debug|Any CPU.Build.0 = Debug|Any CPU
		{986C27E3-57D0-441E-9A81-18F4B69D4F8D}.Debug|x64.ActiveCfg = Debug|Any CPU
		{986C27E3-57D0-441E-9A81-18F4B69D4F8D}.Debug|x64.Build.0 = Debug|Any CPU
		{986C27E3-57D0-441E-9A81-18F4B69D4F8D}.Debug|x86.ActiveCfg = Debug|Any CPU
		{986C27E3-57D0-441E-9A81-18F4B69D4F8D}.Debug|x86.Build.0 = Debug|Any CPU
		{986C27E3-57D0-441E-9A81-18F4B69D4F8D}.Release|Any CPU.ActiveCfg = Release|Any CPU
		{986C27E3-57D0-441E-9A81-18F4B69D4F8D}.Release|Any CPU.Build.0 = Release|Any CPU
		{986C27E3-57D0-441E-9A81-18F4B69D4F8D}.Release|x64.ActiveCfg = Release|Any CPU
		{986C27E3-57D0-441E-9A81-18F4B69D4F8D}.Release|x64.Build.0 = Release|Any CPU
		{986C27E3-57D0-441E-9A81-18F4B69D4F8D}.Release|x86.ActiveCfg = Release|Any CPU
		{986C27E3-57D0-441E-9A81-18F4B69D4F8D}.Release|x86.Build.0 = Release|Any CPU
		{71B2BDFC-D30A-4FE7-91F5-1E213BDD87DF}.Debug|Any CPU.ActiveCfg = Debug|Any CPU
		{71B2BDFC-D30A-4FE7-91F5-1E213BDD87DF}.Debug|Any CPU.Build.0 = Debug|Any CPU
		{71B2BDFC-D30A-4FE7-91F5-1E213BDD87DF}.Debug|x64.ActiveCfg = Debug|Any CPU
		{71B2BDFC-D30A-4FE7-91F5-1E213BDD87DF}.Debug|x64.Build.0 = Debug|Any CPU
		{71B2BDFC-D30A-4FE7-91F5-1E213BDD87DF}.Debug|x86.ActiveCfg = Debug|Any CPU
		{71B2BDFC-D30A-4FE7-91F5-1E213BDD87DF}.Debug|x86.Build.0 = Debug|Any CPU
		{71B2BDFC-D30A-4FE7-91F5-1E213BDD87DF}.Release|Any CPU.ActiveCfg = Release|Any CPU
		{71B2BDFC-D30A-4FE7-91F5-1E213BDD87DF}.Release|Any CPU.Build.0 = Release|Any CPU
		{71B2BDFC-D30A-4FE7-91F5-1E213BDD87DF}.Release|x64.ActiveCfg = Release|Any CPU
		{71B2BDFC-D30A-4FE7-91F5-1E213BDD87DF}.Release|x64.Build.0 = Release|Any CPU
		{71B2BDFC-D30A-4FE7-91F5-1E213BDD87DF}.Release|x86.ActiveCfg = Release|Any CPU
		{71B2BDFC-D30A-4FE7-91F5-1E213BDD87DF}.Release|x86.Build.0 = Release|Any CPU
		{E2675CDF-DBB9-4870-B2E9-892FE0D9F1EF}.Debug|Any CPU.ActiveCfg = Debug|Any CPU
		{E2675CDF-DBB9-4870-B2E9-892FE0D9F1EF}.Debug|Any CPU.Build.0 = Debug|Any CPU
		{E2675CDF-DBB9-4870-B2E9-892FE0D9F1EF}.Debug|x64.ActiveCfg = Debug|Any CPU
		{E2675CDF-DBB9-4870-B2E9-892FE0D9F1EF}.Debug|x64.Build.0 = Debug|Any CPU
		{E2675CDF-DBB9-4870-B2E9-892FE0D9F1EF}.Debug|x86.ActiveCfg = Debug|Any CPU
		{E2675CDF-DBB9-4870-B2E9-892FE0D9F1EF}.Debug|x86.Build.0 = Debug|Any CPU
		{E2675CDF-DBB9-4870-B2E9-892FE0D9F1EF}.Release|Any CPU.ActiveCfg = Release|Any CPU
		{E2675CDF-DBB9-4870-B2E9-892FE0D9F1EF}.Release|Any CPU.Build.0 = Release|Any CPU
		{E2675CDF-DBB9-4870-B2E9-892FE0D9F1EF}.Release|x64.ActiveCfg = Release|Any CPU
		{E2675CDF-DBB9-4870-B2E9-892FE0D9F1EF}.Release|x64.Build.0 = Release|Any CPU
		{E2675CDF-DBB9-4870-B2E9-892FE0D9F1EF}.Release|x86.ActiveCfg = Release|Any CPU
		{E2675CDF-DBB9-4870-B2E9-892FE0D9F1EF}.Release|x86.Build.0 = Release|Any CPU
	EndGlobalSection
	GlobalSection(SolutionProperties) = preSolution
		HideSolutionNode = FALSE
	EndGlobalSection
	GlobalSection(ExtensibilityGlobals) = postSolution
		SolutionGuid = {B9A9B509-F4DB-46DB-B646-13A7FDC09E4D}
	EndGlobalSection
EndGlobal
